{
  "name": "@cerebralvalley/defcon-inspiration",
  "version": "0.1.0",
  "lockfileVersion": 3,
  "requires": true,
  "packages": {
    "": {
      "name": "@cerebralvalley/defcon-inspiration",
      "version": "0.1.0",
      "license": "MIT",
      "bin": {
        "defcon-search": "src/defcon/search.mjs"
      }
    }
  }
}
